// !$*UTF8*$!
{
	archiveVersion = 1;
	classes = {
	};
	objectVersion = 46;
	objects = {

/* Begin PBXBuildFile section */
		5C65AE7D1D712DD6006EAF24 /* AppDelegate.swift in Sources */ = {isa = PBXBuildFile; fileRef = 5C65AE7C1D712DD6006EAF24 /* AppDelegate.swift */; };
		5C65AE7F1D712DD6006EAF24 /* SingnInVC.swift in Sources */ = {isa = PBXBuildFile; fileRef = 5C65AE7E1D712DD6006EAF24 /* SingnInVC.swift */; };
		5C65AE821D712DD6006EAF24 /* Main.storyboard in Resources */ = {isa = PBXBuildFile; fileRef = 5C65AE801D712DD6006EAF24 /* Main.storyboard */; };
		5C65AE841D712DD6006EAF24 /* Assets.xcassets in Resources */ = {isa = PBXBuildFile; fileRef = 5C65AE831D712DD6006EAF24 /* Assets.xcassets */; };
		5C65AE871D712DD6006EAF24 /* LaunchScreen.storyboard in Resources */ = {isa = PBXBuildFile; fileRef = 5C65AE851D712DD6006EAF24 /* LaunchScreen.storyboard */; };
		5C65AE921D712DD6006EAF24 /* yar_socialTests.swift in Sources */ = {isa = PBXBuildFile; fileRef = 5C65AE911D712DD6006EAF24 /* yar_socialTests.swift */; };
		5C65AE9D1D712DD6006EAF24 /* yar_socialUITests.swift in Sources */ = {isa = PBXBuildFile; fileRef = 5C65AE9C1D712DD6006EAF24 /* yar_socialUITests.swift */; };
		5C65AEAB1D712F59006EAF24 /* GoogleService-Info.plist in Resources */ = {isa = PBXBuildFile; fileRef = 5C65AEAA1D712F59006EAF24 /* GoogleService-Info.plist */; };
		5C65AEB01D718530006EAF24 /* FancyView.swift in Sources */ = {isa = PBXBuildFile; fileRef = 5C65AEAF1D718530006EAF24 /* FancyView.swift */; };
		5C65AEB31D7185C2006EAF24 /* Constants.swift in Sources */ = {isa = PBXBuildFile; fileRef = 5C65AEB21D7185C2006EAF24 /* Constants.swift */; };
		5C65AEB51D7187E0006EAF24 /* RoundBtn.swift in Sources */ = {isa = PBXBuildFile; fileRef = 5C65AEB41D7187E0006EAF24 /* RoundBtn.swift */; };
		5C65AEB71D718F7C006EAF24 /* FancyField.swift in Sources */ = {isa = PBXBuildFile; fileRef = 5C65AEB61D718F7C006EAF24 /* FancyField.swift */; };
		5C65AEB91D719116006EAF24 /* FancyBtnSignin.swift in Sources */ = {isa = PBXBuildFile; fileRef = 5C65AEB81D719116006EAF24 /* FancyBtnSignin.swift */; };
		5C65AEBB1D71BAE7006EAF24 /* FeedPage.swift in Sources */ = {isa = PBXBuildFile; fileRef = 5C65AEBA1D71BAE7006EAF24 /* FeedPage.swift */; };
		5C65AEBD1D71CA85006EAF24 /* MaterialCard.swift in Sources */ = {isa = PBXBuildFile; fileRef = 5C65AEBC1D71CA85006EAF24 /* MaterialCard.swift */; };
		5C65AEBF1D71D1A6006EAF24 /* CircleView.swift in Sources */ = {isa = PBXBuildFile; fileRef = 5C65AEBE1D71D1A6006EAF24 /* CircleView.swift */; };
		5C6F45BC1D727CAE00491734 /* PostCell.swift in Sources */ = {isa = PBXBuildFile; fileRef = 5C6F45BB1D727CAE00491734 /* PostCell.swift */; };
		5C6F45BF1D72B78300491734 /* DataService.swift in Sources */ = {isa = PBXBuildFile; fileRef = 5C6F45BE1D72B78300491734 /* DataService.swift */; };
		764907DBB0E8DA285D269123 /* Pods_yar_socialUITests.framework in Frameworks */ = {isa = PBXBuildFile; fileRef = 81297B5C16C1E67358E91A72 /* Pods_yar_socialUITests.framework */; };
		7C3720254882DBB86FBDEE3D /* Pods_yar_socialTests.framework in Frameworks */ = {isa = PBXBuildFile; fileRef = 73B1840C6E7C976A2603B660 /* Pods_yar_socialTests.framework */; };
		D4D24BACDE7F7E965F823981 /* Pods_yar_social.framework in Frameworks */ = {isa = PBXBuildFile; fileRef = A56814DF840341F0653B74EE /* Pods_yar_social.framework */; };
/* End PBXBuildFile section */

/* Begin PBXContainerItemProxy section */
		5C65AE8E1D712DD6006EAF24 /* PBXContainerItemProxy */ = {
			isa = PBXContainerItemProxy;
			containerPortal = 5C65AE711D712DD6006EAF24 /* Project object */;
			proxyType = 1;
			remoteGlobalIDString = 5C65AE781D712DD6006EAF24;
			remoteInfo = "yar-social";
		};
		5C65AE991D712DD6006EAF24 /* PBXContainerItemProxy */ = {
			isa = PBXContainerItemProxy;
			containerPortal = 5C65AE711D712DD6006EAF24 /* Project object */;
			proxyType = 1;
			remoteGlobalIDString = 5C65AE781D712DD6006EAF24;
			remoteInfo = "yar-social";
		};
/* End PBXContainerItemProxy section */

/* Begin PBXFileReference section */
		118BC001B1CD802B3157FC2E /* Pods-yar-social.release.xcconfig */ = {isa = PBXFileReference; includeInIndex = 1; lastKnownFileType = text.xcconfig; name = "Pods-yar-social.release.xcconfig"; path = "Pods/Target Support Files/Pods-yar-social/Pods-yar-social.release.xcconfig"; sourceTree = "<group>"; };
		5C65AE791D712DD6006EAF24 /* yar-social.app */ = {isa = PBXFileReference; explicitFileType = wrapper.application; includeInIndex = 0; path = "yar-social.app"; sourceTree = BUILT_PRODUCTS_DIR; };
		5C65AE7C1D712DD6006EAF24 /* AppDelegate.swift */ = {isa = PBXFileReference; lastKnownFileType = sourcecode.swift; path = AppDelegate.swift; sourceTree = "<group>"; };
		5C65AE7E1D712DD6006EAF24 /* SingnInVC.swift */ = {isa = PBXFileReference; lastKnownFileType = sourcecode.swift; path = SingnInVC.swift; sourceTree = "<group>"; };
		5C65AE811D712DD6006EAF24 /* Base */ = {isa = PBXFileReference; lastKnownFileType = file.storyboard; name = Base; path = Base.lproj/Main.storyboard; sourceTree = "<group>"; };
		5C65AE831D712DD6006EAF24 /* Assets.xcassets */ = {isa = PBXFileReference; lastKnownFileType = folder.assetcatalog; path = Assets.xcassets; sourceTree = "<group>"; };
		5C65AE861D712DD6006EAF24 /* Base */ = {isa = PBXFileReference; lastKnownFileType = file.storyboard; name = Base; path = Base.lproj/LaunchScreen.storyboard; sourceTree = "<group>"; };
		5C65AE881D712DD6006EAF24 /* Info.plist */ = {isa = PBXFileReference; lastKnownFileType = text.plist.xml; path = Info.plist; sourceTree = "<group>"; };
		5C65AE8D1D712DD6006EAF24 /* yar-socialTests.xctest */ = {isa = PBXFileReference; explicitFileType = wrapper.cfbundle; includeInIndex = 0; path = "yar-socialTests.xctest"; sourceTree = BUILT_PRODUCTS_DIR; };
		5C65AE911D712DD6006EAF24 /* yar_socialTests.swift */ = {isa = PBXFileReference; lastKnownFileType = sourcecode.swift; path = yar_socialTests.swift; sourceTree = "<group>"; };
		5C65AE931D712DD6006EAF24 /* Info.plist */ = {isa = PBXFileReference; lastKnownFileType = text.plist.xml; path = Info.plist; sourceTree = "<group>"; };
		5C65AE981D712DD6006EAF24 /* yar-socialUITests.xctest */ = {isa = PBXFileReference; explicitFileType = wrapper.cfbundle; includeInIndex = 0; path = "yar-socialUITests.xctest"; sourceTree = BUILT_PRODUCTS_DIR; };
		5C65AE9C1D712DD6006EAF24 /* yar_socialUITests.swift */ = {isa = PBXFileReference; lastKnownFileType = sourcecode.swift; path = yar_socialUITests.swift; sourceTree = "<group>"; };
		5C65AE9E1D712DD6006EAF24 /* Info.plist */ = {isa = PBXFileReference; lastKnownFileType = text.plist.xml; path = Info.plist; sourceTree = "<group>"; };
		5C65AEAA1D712F59006EAF24 /* GoogleService-Info.plist */ = {isa = PBXFileReference; fileEncoding = 4; lastKnownFileType = text.plist.xml; path = "GoogleService-Info.plist"; sourceTree = "<group>"; };
		5C65AEAF1D718530006EAF24 /* FancyView.swift */ = {isa = PBXFileReference; fileEncoding = 4; lastKnownFileType = sourcecode.swift; path = FancyView.swift; sourceTree = "<group>"; };
		5C65AEB21D7185C2006EAF24 /* Constants.swift */ = {isa = PBXFileReference; fileEncoding = 4; lastKnownFileType = sourcecode.swift; path = Constants.swift; sourceTree = "<group>"; };
		5C65AEB41D7187E0006EAF24 /* RoundBtn.swift */ = {isa = PBXFileReference; fileEncoding = 4; lastKnownFileType = sourcecode.swift; path = RoundBtn.swift; sourceTree = "<group>"; };
		5C65AEB61D718F7C006EAF24 /* FancyField.swift */ = {isa = PBXFileReference; fileEncoding = 4; lastKnownFileType = sourcecode.swift; path = FancyField.swift; sourceTree = "<group>"; };
		5C65AEB81D719116006EAF24 /* FancyBtnSignin.swift */ = {isa = PBXFileReference; fileEncoding = 4; lastKnownFileType = sourcecode.swift; path = FancyBtnSignin.swift; sourceTree = "<group>"; };
		5C65AEBA1D71BAE7006EAF24 /* FeedPage.swift */ = {isa = PBXFileReference; fileEncoding = 4; lastKnownFileType = sourcecode.swift; path = FeedPage.swift; sourceTree = "<group>"; };
		5C65AEBC1D71CA85006EAF24 /* MaterialCard.swift */ = {isa = PBXFileReference; fileEncoding = 4; lastKnownFileType = sourcecode.swift; path = MaterialCard.swift; sourceTree = "<group>"; };
		5C65AEBE1D71D1A6006EAF24 /* CircleView.swift */ = {isa = PBXFileReference; fileEncoding = 4; lastKnownFileType = sourcecode.swift; path = CircleView.swift; sourceTree = "<group>"; };
		5C6F45BB1D727CAE00491734 /* PostCell.swift */ = {isa = PBXFileReference; fileEncoding = 4; lastKnownFileType = sourcecode.swift; path = PostCell.swift; sourceTree = "<group>"; };
		5C6F45BE1D72B78300491734 /* DataService.swift */ = {isa = PBXFileReference; fileEncoding = 4; lastKnownFileType = sourcecode.swift; path = DataService.swift; sourceTree = "<group>"; };
		67F721329DB0607B7949B851 /* Pods-yar-socialUITests.debug.xcconfig */ = {isa = PBXFileReference; includeInIndex = 1; lastKnownFileType = text.xcconfig; name = "Pods-yar-socialUITests.debug.xcconfig"; path = "Pods/Target Support Files/Pods-yar-socialUITests/Pods-yar-socialUITests.debug.xcconfig"; sourceTree = "<group>"; };
		73B1840C6E7C976A2603B660 /* Pods_yar_socialTests.framework */ = {isa = PBXFileReference; explicitFileType = wrapper.framework; includeInIndex = 0; path = Pods_yar_socialTests.framework; sourceTree = BUILT_PRODUCTS_DIR; };
		81297B5C16C1E67358E91A72 /* Pods_yar_socialUITests.framework */ = {isa = PBXFileReference; explicitFileType = wrapper.framework; includeInIndex = 0; path = Pods_yar_socialUITests.framework; sourceTree = BUILT_PRODUCTS_DIR; };
		8F2EEDBC9E2CF82180EEC9B1 /* Pods-yar-social.debug.xcconfig */ = {isa = PBXFileReference; includeInIndex = 1; lastKnownFileType = text.xcconfig; name = "Pods-yar-social.debug.xcconfig"; path = "Pods/Target Support Files/Pods-yar-social/Pods-yar-social.debug.xcconfig"; sourceTree = "<group>"; };
		99478ECAA51979E82FAA6FDC /* Pods-yar-socialUITests.release.xcconfig */ = {isa = PBXFileReference; includeInIndex = 1; lastKnownFileType = text.xcconfig; name = "Pods-yar-socialUITests.release.xcconfig"; path = "Pods/Target Support Files/Pods-yar-socialUITests/Pods-yar-socialUITests.release.xcconfig"; sourceTree = "<group>"; };
		A56814DF840341F0653B74EE /* Pods_yar_social.framework */ = {isa = PBXFileReference; explicitFileType = wrapper.framework; includeInIndex = 0; path = Pods_yar_social.framework; sourceTree = BUILT_PRODUCTS_DIR; };
		BC2247DC1B9058C57327E85A /* Pods-yar-socialTests.release.xcconfig */ = {isa = PBXFileReference; includeInIndex = 1; lastKnownFileType = text.xcconfig; name = "Pods-yar-socialTests.release.xcconfig"; path = "Pods/Target Support Files/Pods-yar-socialTests/Pods-yar-socialTests.release.xcconfig"; sourceTree = "<group>"; };
		D7A7719ECBC18F66003A2DBE /* Pods-yar-socialTests.debug.xcconfig */ = {isa = PBXFileReference; includeInIndex = 1; lastKnownFileType = text.xcconfig; name = "Pods-yar-socialTests.debug.xcconfig"; path = "Pods/Target Support Files/Pods-yar-socialTests/Pods-yar-socialTests.debug.xcconfig"; sourceTree = "<group>"; };
/* End PBXFileReference section */

/* Begin PBXFrameworksBuildPhase section */
		5C65AE761D712DD6006EAF24 /* Frameworks */ = {
			isa = PBXFrameworksBuildPhase;
			buildActionMask = 2147483647;
			files = (
				D4D24BACDE7F7E965F823981 /* Pods_yar_social.framework in Frameworks */,
			);
			runOnlyForDeploymentPostprocessing = 0;
		};
		5C65AE8A1D712DD6006EAF24 /* Frameworks */ = {
			isa = PBXFrameworksBuildPhase;
			buildActionMask = 2147483647;
			files = (
				7C3720254882DBB86FBDEE3D /* Pods_yar_socialTests.framework in Frameworks */,
			);
			runOnlyForDeploymentPostprocessing = 0;
		};
		5C65AE951D712DD6006EAF24 /* Frameworks */ = {
			isa = PBXFrameworksBuildPhase;
			buildActionMask = 2147483647;
			files = (
				764907DBB0E8DA285D269123 /* Pods_yar_socialUITests.framework in Frameworks */,
			);
			runOnlyForDeploymentPostprocessing = 0;
		};
/* End PBXFrameworksBuildPhase section */

/* Begin PBXGroup section */
		5C65AE701D712DD6006EAF24 = {
			isa = PBXGroup;
			children = (
				5C65AE7B1D712DD6006EAF24 /* yar-social */,
				5C65AE901D712DD6006EAF24 /* yar-socialTests */,
				5C65AE9B1D712DD6006EAF24 /* yar-socialUITests */,
				5C65AE7A1D712DD6006EAF24 /* Products */,
				A4445F03B05066634F77F630 /* Pods */,
				84341617C0AA6149BB209D41 /* Frameworks */,
			);
			sourceTree = "<group>";
		};
		5C65AE7A1D712DD6006EAF24 /* Products */ = {
			isa = PBXGroup;
			children = (
				5C65AE791D712DD6006EAF24 /* yar-social.app */,
				5C65AE8D1D712DD6006EAF24 /* yar-socialTests.xctest */,
				5C65AE981D712DD6006EAF24 /* yar-socialUITests.xctest */,
			);
			name = Products;
			sourceTree = "<group>";
		};
		5C65AE7B1D712DD6006EAF24 /* yar-social */ = {
			isa = PBXGroup;
			children = (
				5C6F45BD1D72B75700491734 /* Services */,
				5C65AEB11D7185A9006EAF24 /* Util */,
				5C65AEAE1D714FE6006EAF24 /* View */,
				5C65AEAD1D714FDE006EAF24 /* Controller */,
				5C65AEAC1D714FD0006EAF24 /* Model */,
				5C65AE7C1D712DD6006EAF24 /* AppDelegate.swift */,
				5C65AE801D712DD6006EAF24 /* Main.storyboard */,
				5C65AE831D712DD6006EAF24 /* Assets.xcassets */,
				5C65AE851D712DD6006EAF24 /* LaunchScreen.storyboard */,
				5C65AE881D712DD6006EAF24 /* Info.plist */,
				5C65AEAA1D712F59006EAF24 /* GoogleService-Info.plist */,
			);
			path = "yar-social";
			sourceTree = "<group>";
		};
		5C65AE901D712DD6006EAF24 /* yar-socialTests */ = {
			isa = PBXGroup;
			children = (
				5C65AE911D712DD6006EAF24 /* yar_socialTests.swift */,
				5C65AE931D712DD6006EAF24 /* Info.plist */,
			);
			path = "yar-socialTests";
			sourceTree = "<group>";
		};
		5C65AE9B1D712DD6006EAF24 /* yar-socialUITests */ = {
			isa = PBXGroup;
			children = (
				5C65AE9C1D712DD6006EAF24 /* yar_socialUITests.swift */,
				5C65AE9E1D712DD6006EAF24 /* Info.plist */,
			);
			path = "yar-socialUITests";
			sourceTree = "<group>";
		};
		5C65AEAC1D714FD0006EAF24 /* Model */ = {
			isa = PBXGroup;
			children = (
			);
			name = Model;
			sourceTree = "<group>";
		};
		5C65AEAD1D714FDE006EAF24 /* Controller */ = {
			isa = PBXGroup;
			children = (
				5C65AE7E1D712DD6006EAF24 /* SingnInVC.swift */,
				5C65AEBA1D71BAE7006EAF24 /* FeedPage.swift */,
			);
			name = Controller;
			sourceTree = "<group>";
		};
		5C65AEAE1D714FE6006EAF24 /* View */ = {
			isa = PBXGroup;
			children = (
				5C65AEAF1D718530006EAF24 /* FancyView.swift */,
				5C65AEB41D7187E0006EAF24 /* RoundBtn.swift */,
				5C65AEB61D718F7C006EAF24 /* FancyField.swift */,
				5C65AEB81D719116006EAF24 /* FancyBtnSignin.swift */,
				5C65AEBC1D71CA85006EAF24 /* MaterialCard.swift */,
				5C65AEBE1D71D1A6006EAF24 /* CircleView.swift */,
				5C6F45BB1D727CAE00491734 /* PostCell.swift */,
			);
			name = View;
			sourceTree = "<group>";
		};
		5C65AEB11D7185A9006EAF24 /* Util */ = {
			isa = PBXGroup;
			children = (
				5C65AEB21D7185C2006EAF24 /* Constants.swift */,
			);
			name = Util;
			sourceTree = "<group>";
		};
		5C6F45BD1D72B75700491734 /* Services */ = {
			isa = PBXGroup;
			children = (
				5C6F45BE1D72B78300491734 /* DataService.swift */,
			);
			name = Services;
			sourceTree = "<group>";
		};
		84341617C0AA6149BB209D41 /* Frameworks */ = {
			isa = PBXGroup;
			children = (
				A56814DF840341F0653B74EE /* Pods_yar_social.framework */,
				73B1840C6E7C976A2603B660 /* Pods_yar_socialTests.framework */,
				81297B5C16C1E67358E91A72 /* Pods_yar_socialUITests.framework */,
			);
			name = Frameworks;
			sourceTree = "<group>";
		};
		A4445F03B05066634F77F630 /* Pods */ = {
			isa = PBXGroup;
			children = (
				8F2EEDBC9E2CF82180EEC9B1 /* Pods-yar-social.debug.xcconfig */,
				118BC001B1CD802B3157FC2E /* Pods-yar-social.release.xcconfig */,
				D7A7719ECBC18F66003A2DBE /* Pods-yar-socialTests.debug.xcconfig */,
				BC2247DC1B9058C57327E85A /* Pods-yar-socialTests.release.xcconfig */,
				67F721329DB0607B7949B851 /* Pods-yar-socialUITests.debug.xcconfig */,
				99478ECAA51979E82FAA6FDC /* Pods-yar-socialUITests.release.xcconfig */,
			);
			name = Pods;
			sourceTree = "<group>";
		};
/* End PBXGroup section */

/* Begin PBXNativeTarget section */
		5C65AE781D712DD6006EAF24 /* yar-social */ = {
			isa = PBXNativeTarget;
			buildConfigurationList = 5C65AEA11D712DD6006EAF24 /* Build configuration list for PBXNativeTarget "yar-social" */;
			buildPhases = (
				4B8A93918063E2AD9F3C47E3 /* [CP] Check Pods Manifest.lock */,
				5C65AE751D712DD6006EAF24 /* Sources */,
				5C65AE761D712DD6006EAF24 /* Frameworks */,
				5C65AE771D712DD6006EAF24 /* Resources */,
				B8A1342CCB1A951B359F2C27 /* [CP] Embed Pods Frameworks */,
				46EE972914F547D36CA01A92 /* [CP] Copy Pods Resources */,
			);
			buildRules = (
			);
			dependencies = (
			);
			name = "yar-social";
			productName = "yar-social";
			productReference = 5C65AE791D712DD6006EAF24 /* yar-social.app */;
			productType = "com.apple.product-type.application";
		};
		5C65AE8C1D712DD6006EAF24 /* yar-socialTests */ = {
			isa = PBXNativeTarget;
			buildConfigurationList = 5C65AEA41D712DD6006EAF24 /* Build configuration list for PBXNativeTarget "yar-socialTests" */;
			buildPhases = (
				19439CAA4DCB226BAAFB38BE /* [CP] Check Pods Manifest.lock */,
				5C65AE891D712DD6006EAF24 /* Sources */,
				5C65AE8A1D712DD6006EAF24 /* Frameworks */,
				5C65AE8B1D712DD6006EAF24 /* Resources */,
				FEAF01F042D4896A8576C5CD /* [CP] Embed Pods Frameworks */,
				B12F626692625F4BB5F22D47 /* [CP] Copy Pods Resources */,
			);
			buildRules = (
			);
			dependencies = (
				5C65AE8F1D712DD6006EAF24 /* PBXTargetDependency */,
			);
			name = "yar-socialTests";
			productName = "yar-socialTests";
			productReference = 5C65AE8D1D712DD6006EAF24 /* yar-socialTests.xctest */;
			productType = "com.apple.product-type.bundle.unit-test";
		};
		5C65AE971D712DD6006EAF24 /* yar-socialUITests */ = {
			isa = PBXNativeTarget;
			buildConfigurationList = 5C65AEA71D712DD6006EAF24 /* Build configuration list for PBXNativeTarget "yar-socialUITests" */;
			buildPhases = (
				8DEF56CD0C88443BE8C94CCB /* [CP] Check Pods Manifest.lock */,
				5C65AE941D712DD6006EAF24 /* Sources */,
				5C65AE951D712DD6006EAF24 /* Frameworks */,
				5C65AE961D712DD6006EAF24 /* Resources */,
				DFBED513A98412A754051BC0 /* [CP] Copy Pods Resources */,
			);
			buildRules = (
			);
			dependencies = (
				5C65AE9A1D712DD6006EAF24 /* PBXTargetDependency */,
			);
			name = "yar-socialUITests";
			productName = "yar-socialUITests";
			productReference = 5C65AE981D712DD6006EAF24 /* yar-socialUITests.xctest */;
			productType = "com.apple.product-type.bundle.ui-testing";
		};
/* End PBXNativeTarget section */

/* Begin PBXProject section */
		5C65AE711D712DD6006EAF24 /* Project object */ = {
			isa = PBXProject;
			attributes = {
				LastSwiftUpdateCheck = 0730;
				LastUpgradeCheck = 0730;
				ORGANIZATIONNAME = yar;
				TargetAttributes = {
					5C65AE781D712DD6006EAF24 = {
						CreatedOnToolsVersion = 7.3.1;
					};
					5C65AE8C1D712DD6006EAF24 = {
						CreatedOnToolsVersion = 7.3.1;
						TestTargetID = 5C65AE781D712DD6006EAF24;
					};
					5C65AE971D712DD6006EAF24 = {
						CreatedOnToolsVersion = 7.3.1;
						TestTargetID = 5C65AE781D712DD6006EAF24;
					};
				};
			};
			buildConfigurationList = 5C65AE741D712DD6006EAF24 /* Build configuration list for PBXProject "yar-social" */;
			compatibilityVersion = "Xcode 3.2";
			developmentRegion = English;
			hasScannedForEncodings = 0;
			knownRegions = (
				en,
				Base,
			);
			mainGroup = 5C65AE701D712DD6006EAF24;
			productRefGroup = 5C65AE7A1D712DD6006EAF24 /* Products */;
			projectDirPath = "";
			projectRoot = "";
			targets = (
				5C65AE781D712DD6006EAF24 /* yar-social */,
				5C65AE8C1D712DD6006EAF24 /* yar-socialTests */,
				5C65AE971D712DD6006EAF24 /* yar-socialUITests */,
			);
		};
/* End PBXProject section */

/* Begin PBXResourcesBuildPhase section */
		5C65AE771D712DD6006EAF24 /* Resources */ = {
			isa = PBXResourcesBuildPhase;
			buildActionMask = 2147483647;
			files = (
				5C65AE871D712DD6006EAF24 /* LaunchScreen.storyboard in Resources */,
				5C65AEAB1D712F59006EAF24 /* GoogleService-Info.plist in Resources */,
				5C65AE841D712DD6006EAF24 /* Assets.xcassets in Resources */,
				5C65AE821D712DD6006EAF24 /* Main.storyboard in Resources */,
			);
			runOnlyForDeploymentPostprocessing = 0;
		};
		5C65AE8B1D712DD6006EAF24 /* Resources */ = {
			isa = PBXResourcesBuildPhase;
			buildActionMask = 2147483647;
			files = (
			);
			runOnlyForDeploymentPostprocessing = 0;
		};
		5C65AE961D712DD6006EAF24 /* Resources */ = {
			isa = PBXResourcesBuildPhase;
			buildActionMask = 2147483647;
			files = (
			);
			runOnlyForDeploymentPostprocessing = 0;
		};
/* End PBXResourcesBuildPhase section */

/* Begin PBXShellScriptBuildPhase section */
		19439CAA4DCB226BAAFB38BE /* [CP] Check Pods Manifest.lock */ = {
			isa = PBXShellScriptBuildPhase;
			buildActionMask = 2147483647;
			files = (
			);
			inputPaths = (
			);
			name = "[CP] Check Pods Manifest.lock";
			outputPaths = (
			);
			runOnlyForDeploymentPostprocessing = 0;
			shellPath = /bin/sh;
			shellScript = "diff \"${PODS_ROOT}/../Podfile.lock\" \"${PODS_ROOT}/Manifest.lock\" > /dev/null\nif [[ $? != 0 ]] ; then\n    cat << EOM\nerror: The sandbox is not in sync with the Podfile.lock. Run 'pod install' or update your CocoaPods installation.\nEOM\n    exit 1\nfi\n";
			showEnvVarsInLog = 0;
		};
		46EE972914F547D36CA01A92 /* [CP] Copy Pods Resources */ = {
			isa = PBXShellScriptBuildPhase;
			buildActionMask = 2147483647;
			files = (
			);
			inputPaths = (
			);
			name = "[CP] Copy Pods Resources";
			outputPaths = (
			);
			runOnlyForDeploymentPostprocessing = 0;
			shellPath = /bin/sh;
			shellScript = "\"${SRCROOT}/Pods/Target Support Files/Pods-yar-social/Pods-yar-social-resources.sh\"\n";
			showEnvVarsInLog = 0;
		};
		4B8A93918063E2AD9F3C47E3 /* [CP] Check Pods Manifest.lock */ = {
			isa = PBXShellScriptBuildPhase;
			buildActionMask = 2147483647;
			files = (
			);
			inputPaths = (
			);
			name = "[CP] Check Pods Manifest.lock";
			outputPaths = (
			);
			runOnlyForDeploymentPostprocessing = 0;
			shellPath = /bin/sh;
			shellScript = "diff \"${PODS_ROOT}/../Podfile.lock\" \"${PODS_ROOT}/Manifest.lock\" > /dev/null\nif [[ $? != 0 ]] ; then\n    cat << EOM\nerror: The sandbox is not in sync with the Podfile.lock. Run 'pod install' or update your CocoaPods installation.\nEOM\n    exit 1\nfi\n";
			showEnvVarsInLog = 0;
		};
		8DEF56CD0C88443BE8C94CCB /* [CP] Check Pods Manifest.lock */ = {
			isa = PBXShellScriptBuildPhase;
			buildActionMask = 2147483647;
			files = (
			);
			inputPaths = (
			);
			name = "[CP] Check Pods Manifest.lock";
			outputPaths = (
			);
			runOnlyForDeploymentPostprocessing = 0;
			shellPath = /bin/sh;
			shellScript = "diff \"${PODS_ROOT}/../Podfile.lock\" \"${PODS_ROOT}/Manifest.lock\" > /dev/null\nif [[ $? != 0 ]] ; then\n    cat << EOM\nerror: The sandbox is not in sync with the Podfile.lock. Run 'pod install' or update your CocoaPods installation.\nEOM\n    exit 1\nfi\n";
			showEnvVarsInLog = 0;
		};
		B12F626692625F4BB5F22D47 /* [CP] Copy Pods Resources */ = {
			isa = PBXShellScriptBuildPhase;
			buildActionMask = 2147483647;
			files = (
			);
			inputPaths = (
			);
			name = "[CP] Copy Pods Resources";
			outputPaths = (
			);
			runOnlyForDeploymentPostprocessing = 0;
			shellPath = /bin/sh;
			shellScript = "\"${SRCROOT}/Pods/Target Support Files/Pods-yar-socialTests/Pods-yar-socialTests-resources.sh\"\n";
			showEnvVarsInLog = 0;
		};
		B8A1342CCB1A951B359F2C27 /* [CP] Embed Pods Frameworks */ = {
			isa = PBXShellScriptBuildPhase;
			buildActionMask = 2147483647;
			files = (
			);
			inputPaths = (
			);
			name = "[CP] Embed Pods Frameworks";
			outputPaths = (
			);
			runOnlyForDeploymentPostprocessing = 0;
			shellPath = /bin/sh;
			shellScript = "\"${SRCROOT}/Pods/Target Support Files/Pods-yar-social/Pods-yar-social-frameworks.sh\"\n";
			showEnvVarsInLog = 0;
		};
		DFBED513A98412A754051BC0 /* [CP] Copy Pods Resources */ = {
			isa = PBXShellScriptBuildPhase;
			buildActionMask = 2147483647;
			files = (
			);
			inputPaths = (
			);
			name = "[CP] Copy Pods Resources";
			outputPaths = (
			);
			runOnlyForDeploymentPostprocessing = 0;
			shellPath = /bin/sh;
			shellScript = "\"${SRCROOT}/Pods/Target Support Files/Pods-yar-socialUITests/Pods-yar-socialUITests-resources.sh\"\n";
			showEnvVarsInLog = 0;
		};
		FEAF01F042D4896A8576C5CD /* [CP] Embed Pods Frameworks */ = {
			isa = PBXShellScriptBuildPhase;
			buildActionMask = 2147483647;
			files = (
			);
			inputPaths = (
			);
			name = "[CP] Embed Pods Frameworks";
			outputPaths = (
			);
			runOnlyForDeploymentPostprocessing = 0;
			shellPath = /bin/sh;
			shellScript = "\"${SRCROOT}/Pods/Target Support Files/Pods-yar-socialTests/Pods-yar-socialTests-frameworks.sh\"\n";
			showEnvVarsInLog = 0;
		};
/* End PBXShellScriptBuildPhase section */

/* Begin PBXSourcesBuildPhase section */
		5C65AE751D712DD6006EAF24 /* Sources */ = {
			isa = PBXSourcesBuildPhase;
			buildActionMask = 2147483647;
			files = (
				5C65AEBD1D71CA85006EAF24 /* MaterialCard.swift in Sources */,
				5C65AEB71D718F7C006EAF24 /* FancyField.swift in Sources */,
				5C65AE7F1D712DD6006EAF24 /* SingnInVC.swift in Sources */,
				5C6F45BF1D72B78300491734 /* DataService.swift in Sources */,
				5C65AEBB1D71BAE7006EAF24 /* FeedPage.swift in Sources */,
				5C65AEB51D7187E0006EAF24 /* RoundBtn.swift in Sources */,
				5C65AE7D1D712DD6006EAF24 /* AppDelegate.swift in Sources */,
				5C65AEBF1D71D1A6006EAF24 /* CircleView.swift in Sources */,
				5C65AEB01D718530006EAF24 /* FancyView.swift in Sources */,
				5C6F45BC1D727CAE00491734 /* PostCell.swift in Sources */,
				5C65AEB31D7185C2006EAF24 /* Constants.swift in Sources */,
				5C65AEB91D719116006EAF24 /* FancyBtnSignin.swift in Sources */,
			);
			runOnlyForDeploymentPostprocessing = 0;
		};
		5C65AE891D712DD6006EAF24 /* Sources */ = {
			isa = PBXSourcesBuildPhase;
			buildActionMask = 2147483647;
			files = (
				5C65AE921D712DD6006EAF24 /* yar_socialTests.swift in Sources */,
			);
			runOnlyForDeploymentPostprocessing = 0;
		};
		5C65AE941D712DD6006EAF24 /* Sources */ = {
			isa = PBXSourcesBuildPhase;
			buildActionMask = 2147483647;
			files = (
				5C65AE9D1D712DD6006EAF24 /* yar_socialUITests.swift in Sources */,
			);
			runOnlyForDeploymentPostprocessing = 0;
		};
/* End PBXSourcesBuildPhase section */

/* Begin PBXTargetDependency section */
		5C65AE8F1D712DD6006EAF24 /* PBXTargetDependency */ = {
			isa = PBXTargetDependency;
			target = 5C65AE781D712DD6006EAF24 /* yar-social */;
			targetProxy = 5C65AE8E1D712DD6006EAF24 /* PBXContainerItemProxy */;
		};
		5C65AE9A1D712DD6006EAF24 /* PBXTargetDependency */ = {
			isa = PBXTargetDependency;
			target = 5C65AE781D712DD6006EAF24 /* yar-social */;
			targetProxy = 5C65AE991D712DD6006EAF24 /* PBXContainerItemProxy */;
		};
/* End PBXTargetDependency section */

/* Begin PBXVariantGroup section */
		5C65AE801D712DD6006EAF24 /* Main.storyboard */ = {
			isa = PBXVariantGroup;
			children = (
				5C65AE811D712DD6006EAF24 /* Base */,
			);
			name = Main.storyboard;
			sourceTree = "<group>";
		};
		5C65AE851D712DD6006EAF24 /* LaunchScreen.storyboard */ = {
			isa = PBXVariantGroup;
			children = (
				5C65AE861D712DD6006EAF24 /* Base */,
			);
			name = LaunchScreen.storyboard;
			sourceTree = "<group>";
		};
/* End PBXVariantGroup section */

/* Begin XCBuildConfiguration section */
		5C65AE9F1D712DD6006EAF24 /* Debug */ = {
			isa = XCBuildConfiguration;
			buildSettings = {
				ALWAYS_SEARCH_USER_PATHS = NO;
				CLANG_ANALYZER_NONNULL = YES;
				CLANG_CXX_LANGUAGE_STANDARD = "gnu++0x";
				CLANG_CXX_LIBRARY = "libc++";
				CLANG_ENABLE_MODULES = YES;
				CLANG_ENABLE_OBJC_ARC = YES;
				CLANG_WARN_BOOL_CONVERSION = YES;
				CLANG_WARN_CONSTANT_CONVERSION = YES;
				CLANG_WARN_DIRECT_OBJC_ISA_USAGE = YES_ERROR;
				CLANG_WARN_EMPTY_BODY = YES;
				CLANG_WARN_ENUM_CONVERSION = YES;
				CLANG_WARN_INT_CONVERSION = YES;
				CLANG_WARN_OBJC_ROOT_CLASS = YES_ERROR;
				CLANG_WARN_UNREACHABLE_CODE = YES;
				CLANG_WARN__DUPLICATE_METHOD_MATCH = YES;
				"CODE_SIGN_IDENTITY[sdk=iphoneos*]" = "iPhone Developer";
				COPY_PHASE_STRIP = NO;
				DEBUG_INFORMATION_FORMAT = dwarf;
				ENABLE_STRICT_OBJC_MSGSEND = YES;
				ENABLE_TESTABILITY = YES;
				GCC_C_LANGUAGE_STANDARD = gnu99;
				GCC_DYNAMIC_NO_PIC = NO;
				GCC_NO_COMMON_BLOCKS = YES;
				GCC_OPTIMIZATION_LEVEL = 0;
				GCC_PREPROCESSOR_DEFINITIONS = (
					"DEBUG=1",
					"$(inherited)",
				);
				GCC_WARN_64_TO_32_BIT_CONVERSION = YES;
				GCC_WARN_ABOUT_RETURN_TYPE = YES_ERROR;
				GCC_WARN_UNDECLARED_SELECTOR = YES;
				GCC_WARN_UNINITIALIZED_AUTOS = YES_AGGRESSIVE;
				GCC_WARN_UNUSED_FUNCTION = YES;
				GCC_WARN_UNUSED_VARIABLE = YES;
				IPHONEOS_DEPLOYMENT_TARGET = 9.3;
				MTL_ENABLE_DEBUG_INFO = YES;
				ONLY_ACTIVE_ARCH = YES;
				SDKROOT = iphoneos;
				SWIFT_OPTIMIZATION_LEVEL = "-Onone";
				TARGETED_DEVICE_FAMILY = "1,2";
			};
			name = Debug;
		};
		5C65AEA01D712DD6006EAF24 /* Release */ = {
			isa = XCBuildConfiguration;
			buildSettings = {
				ALWAYS_SEARCH_USER_PATHS = NO;
				CLANG_ANALYZER_NONNULL = YES;
				CLANG_CXX_LANGUAGE_STANDARD = "gnu++0x";
				CLANG_CXX_LIBRARY = "libc++";
				CLANG_ENABLE_MODULES = YES;
				CLANG_ENABLE_OBJC_ARC = YES;
				CLANG_WARN_BOOL_CONVERSION = YES;
				CLANG_WARN_CONSTANT_CONVERSION = YES;
				CLANG_WARN_DIRECT_OBJC_ISA_USAGE = YES_ERROR;
				CLANG_WARN_EMPTY_BODY = YES;
				CLANG_WARN_ENUM_CONVERSION = YES;
				CLANG_WARN_INT_CONVERSION = YES;
				CLANG_WARN_OBJC_ROOT_CLASS = YES_ERROR;
				CLANG_WARN_UNREACHABLE_CODE = YES;
				CLANG_WARN__DUPLICATE_METHOD_MATCH = YES;
				"CODE_SIGN_IDENTITY[sdk=iphoneos*]" = "iPhone Developer";
				COPY_PHASE_STRIP = NO;
				DEBUG_INFORMATION_FORMAT = "dwarf-with-dsym";
				ENABLE_NS_ASSERTIONS = NO;
				ENABLE_STRICT_OBJC_MSGSEND = YES;
				GCC_C_LANGUAGE_STANDARD = gnu99;
				GCC_NO_COMMON_BLOCKS = YES;
				GCC_WARN_64_TO_32_BIT_CONVERSION = YES;
				GCC_WARN_ABOUT_RETURN_TYPE = YES_ERROR;
				GCC_WARN_UNDECLARED_SELECTOR = YES;
				GCC_WARN_UNINITIALIZED_AUTOS = YES_AGGRESSIVE;
				GCC_WARN_UNUSED_FUNCTION = YES;
				GCC_WARN_UNUSED_VARIABLE = YES;
				IPHONEOS_DEPLOYMENT_TARGET = 9.3;
				MTL_ENABLE_DEBUG_INFO = NO;
				SDKROOT = iphoneos;
				TARGETED_DEVICE_FAMILY = "1,2";
				VALIDATE_PRODUCT = YES;
			};
			name = Release;
		};
		5C65AEA21D712DD6006EAF24 /* Debug */ = {
			isa = XCBuildConfiguration;
			baseConfigurationReference = 8F2EEDBC9E2CF82180EEC9B1 /* Pods-yar-social.debug.xcconfig */;
			buildSettings = {
				ASSETCATALOG_COMPILER_APPICON_NAME = AppIcon;
				INFOPLIST_FILE = "yar-social/Info.plist";
				LD_RUNPATH_SEARCH_PATHS = "$(inherited) @executable_path/Frameworks";
				PRODUCT_BUNDLE_IDENTIFIER = "htut.yar-social";
				PRODUCT_NAME = "$(TARGET_NAME)";
				TARGETED_DEVICE_FAMILY = 1;
			};
			name = Debug;
		};
		5C65AEA31D712DD6006EAF24 /* Release */ = {
			isa = XCBuildConfiguration;
			baseConfigurationReference = 118BC001B1CD802B3157FC2E /* Pods-yar-social.release.xcconfig */;
			buildSettings = {
				ASSETCATALOG_COMPILER_APPICON_NAME = AppIcon;
				INFOPLIST_FILE = "yar-social/Info.plist";
				LD_RUNPATH_SEARCH_PATHS = "$(inherited) @executable_path/Frameworks";
				PRODUCT_BUNDLE_IDENTIFIER = "htut.yar-social";
				PRODUCT_NAME = "$(TARGET_NAME)";
				TARGETED_DEVICE_FAMILY = 1;
			};
			name = Release;
		};
		5C65AEA51D712DD6006EAF24 /* Debug */ = {
			isa = XCBuildConfiguration;
			baseConfigurationReference = D7A7719ECBC18F66003A2DBE /* Pods-yar-socialTests.debug.xcconfig */;
			buildSettings = {
				BUNDLE_LOADER = "$(TEST_HOST)";
				INFOPLIST_FILE = "yar-socialTests/Info.plist";
				LD_RUNPATH_SEARCH_PATHS = "$(inherited) @executable_path/Frameworks @loader_path/Frameworks";
				PRODUCT_BUNDLE_IDENTIFIER = "htut.yar-socialTests";
				PRODUCT_NAME = "$(TARGET_NAME)";
				TEST_HOST = "$(BUILT_PRODUCTS_DIR)/yar-social.app/yar-social";
			};
			name = Debug;
		};
		5C65AEA61D712DD6006EAF24 /* Release */ = {
			isa = XCBuildConfiguration;
			baseConfigurationReference = BC2247DC1B9058C57327E85A /* Pods-yar-socialTests.release.xcconfig */;
			buildSettings = {
				BUNDLE_LOADER = "$(TEST_HOST)";
				INFOPLIST_FILE = "yar-socialTests/Info.plist";
				LD_RUNPATH_SEARCH_PATHS = "$(inherited) @executable_path/Frameworks @loader_path/Frameworks";
				PRODUCT_BUNDLE_IDENTIFIER = "htut.yar-socialTests";
				PRODUCT_NAME = "$(TARGET_NAME)";
				TEST_HOST = "$(BUILT_PRODUCTS_DIR)/yar-social.app/yar-social";
			};
			name = Release;
		};
		5C65AEA81D712DD6006EAF24 /* Debug */ = {
			isa = XCBuildConfiguration;
			baseConfigurationReference = 67F721329DB0607B7949B851 /* Pods-yar-socialUITests.debug.xcconfig */;
			buildSettings = {
				INFOPLIST_FILE = "yar-socialUITests/Info.plist";
				LD_RUNPATH_SEARCH_PATHS = "$(inherited) @executable_path/Frameworks @loader_path/Frameworks";
				PRODUCT_BUNDLE_IDENTIFIER = "htut.yar-socialUITests";
				PRODUCT_NAME = "$(TARGET_NAME)";
				TEST_TARGET_NAME = "yar-social";
			};
			name = Debug;
		};
		5C65AEA91D712DD6006EAF24 /* Release */ = {
			isa = XCBuildConfiguration;
			baseConfigurationReference = 99478ECAA51979E82FAA6FDC /* Pods-yar-socialUITests.release.xcconfig */;
			buildSettings = {
				INFOPLIST_FILE = "yar-socialUITests/Info.plist";
				LD_RUNPATH_SEARCH_PATHS = "$(inherited) @executable_path/Frameworks @loader_path/Frameworks";
				PRODUCT_BUNDLE_IDENTIFIER = "htut.yar-socialUITests";
				PRODUCT_NAME = "$(TARGET_NAME)";
				TEST_TARGET_NAME = "yar-social";
			};
			name = Release;
		};
/* End XCBuildConfiguration section */

/* Begin XCConfigurationList section */
		5C65AE741D712DD6006EAF24 /* Build configuration list for PBXProject "yar-social" */ = {
			isa = XCConfigurationList;
			buildConfigurations = (
				5C65AE9F1D712DD6006EAF24 /* Debug */,
				5C65AEA01D712DD6006EAF24 /* Release */,
			);
			defaultConfigurationIsVisible = 0;
			defaultConfigurationName = Release;
		};
		5C65AEA11D712DD6006EAF24 /* Build configuration list for PBXNativeTarget "yar-social" */ = {
			isa = XCConfigurationList;
			buildConfigurations = (
				5C65AEA21D712DD6006EAF24 /* Debug */,
				5C65AEA31D712DD6006EAF24 /* Release */,
			);
			defaultConfigurationIsVisible = 0;
			defaultConfigurationName = Release;
		};
		5C65AEA41D712DD6006EAF24 /* Build configuration list for PBXNativeTarget "yar-socialTests" */ = {
			isa = XCConfigurationList;
			buildConfigurations = (
				5C65AEA51D712DD6006EAF24 /* Debug */,
				5C65AEA61D712DD6006EAF24 /* Release */,
			);
			defaultConfigurationIsVisible = 0;
			defaultConfigurationName = Release;
		};
		5C65AEA71D712DD6006EAF24 /* Build configuration list for PBXNativeTarget "yar-socialUITests" */ = {
			isa = XCConfigurationList;
			buildConfigurations = (
				5C65AEA81D712DD6006EAF24 /* Debug */,
				5C65AEA91D712DD6006EAF24 /* Release */,
			);
			defaultConfigurationIsVisible = 0;
			defaultConfigurationName = Release;
		};
/* End XCConfigurationList section */
	};
	rootObject = 5C65AE711D712DD6006EAF24 /* Project object */;
}
